// !$*UTF8*$!
{
	archiveVersion = 1;
	classes = {
	};
	objectVersion = 52;
	objects = {

/* Begin PBXBuildFile section */
		22523F0B268622180040FE3D /* MyTodoAppApp.swift in Sources */ = {isa = PBXBuildFile; fileRef = 22523EF8268622170040FE3D /* MyTodoAppApp.swift */; };
		22523F0C268622180040FE3D /* MyTodoAppApp.swift in Sources */ = {isa = PBXBuildFile; fileRef = 22523EF8268622170040FE3D /* MyTodoAppApp.swift */; };
		22523F0D268622180040FE3D /* ContentView.swift in Sources */ = {isa = PBXBuildFile; fileRef = 22523EF9268622170040FE3D /* ContentView.swift */; };
		22523F0E268622180040FE3D /* ContentView.swift in Sources */ = {isa = PBXBuildFile; fileRef = 22523EF9268622170040FE3D /* ContentView.swift */; };
		22523F0F268622180040FE3D /* Assets.xcassets in Resources */ = {isa = PBXBuildFile; fileRef = 22523EFA268622180040FE3D /* Assets.xcassets */; };
		22523F10268622180040FE3D /* Assets.xcassets in Resources */ = {isa = PBXBuildFile; fileRef = 22523EFA268622180040FE3D /* Assets.xcassets */; };
		22523F1F268624070040FE3D /* Todo.swift in Sources */ = {isa = PBXBuildFile; fileRef = 22523F1E268624070040FE3D /* Todo.swift */; };
		22523F21268624360040FE3D /* Tag.swift in Sources */ = {isa = PBXBuildFile; fileRef = 22523F20268624360040FE3D /* Tag.swift */; };
		22523F23268625630040FE3D /* CellView.swift in Sources */ = {isa = PBXBuildFile; fileRef = 22523F22268625630040FE3D /* CellView.swift */; };
		22523F25268626730040FE3D /* TodoViewModel.swift in Sources */ = {isa = PBXBuildFile; fileRef = 22523F24268626730040FE3D /* TodoViewModel.swift */; };
		22523F2726866D620040FE3D /* TaskView.swift in Sources */ = {isa = PBXBuildFile; fileRef = 22523F2626866D620040FE3D /* TaskView.swift */; };
		22523F2926866D990040FE3D /* TodoDetailViewModel.swift in Sources */ = {isa = PBXBuildFile; fileRef = 22523F2826866D990040FE3D /* TodoDetailViewModel.swift */; };
		22CD2CF32686938E00FD3442 /* Task.swift in Sources */ = {isa = PBXBuildFile; fileRef = 22CD2CF22686938E00FD3442 /* Task.swift */; };
		22CD2CF5268723E900FD3442 /* TagView.swift in Sources */ = {isa = PBXBuildFile; fileRef = 22CD2CF4268723E900FD3442 /* TagView.swift */; };
		22CD2CF726872DBA00FD3442 /* TaskState.swift in Sources */ = {isa = PBXBuildFile; fileRef = 22CD2CF626872DBA00FD3442 /* TaskState.swift */; };
		22CD2CF92687306500FD3442 /* PlusButton.swift in Sources */ = {isa = PBXBuildFile; fileRef = 22CD2CF82687306500FD3442 /* PlusButton.swift */; };
		22CD2CFB2687350D00FD3442 /* TaskActionsView.swift in Sources */ = {isa = PBXBuildFile; fileRef = 22CD2CFA2687350D00FD3442 /* TaskActionsView.swift */; };
		22CD2CFE2688798C00FD3442 /* Realm in Frameworks */ = {isa = PBXBuildFile; productRef = 22CD2CFD2688798C00FD3442 /* Realm */; };
		22CD2D002688798C00FD3442 /* RealmSwift in Frameworks */ = {isa = PBXBuildFile; productRef = 22CD2CFF2688798C00FD3442 /* RealmSwift */; };
		22CD2D0226887A1800FD3442 /* TodoObject.swift in Sources */ = {isa = PBXBuildFile; fileRef = 22CD2D0126887A1800FD3442 /* TodoObject.swift */; };
		22CD2D0626887AA900FD3442 /* TaskObject.swift in Sources */ = {isa = PBXBuildFile; fileRef = 22CD2D0526887AA900FD3442 /* TaskObject.swift */; };
		22CD2D0A26887B4200FD3442 /* TodoRepository.swift in Sources */ = {isa = PBXBuildFile; fileRef = 22CD2D0926887B4200FD3442 /* TodoRepository.swift */; };
		22CD2D0E26887BF400FD3442 /* MappableProtocol.swift in Sources */ = {isa = PBXBuildFile; fileRef = 22CD2D0D26887BF400FD3442 /* MappableProtocol.swift */; };
		22CD2D132688827300FD3442 /* RealmProvider.swift in Sources */ = {isa = PBXBuildFile; fileRef = 22CD2D122688827300FD3442 /* RealmProvider.swift */; };
		22CD2D15268882C800FD3442 /* DataManager.swift in Sources */ = {isa = PBXBuildFile; fileRef = 22CD2D14268882C800FD3442 /* DataManager.swift */; };
		22CD2D172688832B00FD3442 /* Sorted.swift in Sources */ = {isa = PBXBuildFile; fileRef = 22CD2D162688832B00FD3442 /* Sorted.swift */; };
		22CD2D192688833E00FD3442 /* RealmError.swift in Sources */ = {isa = PBXBuildFile; fileRef = 22CD2D182688833E00FD3442 /* RealmError.swift */; };
		22CD2D1D2688D8F200FD3442 /* MoreButton.swift in Sources */ = {isa = PBXBuildFile; fileRef = 22CD2D1C2688D8F200FD3442 /* MoreButton.swift */; };
		22CD2D1F2688D94D00FD3442 /* BackButton.swift in Sources */ = {isa = PBXBuildFile; fileRef = 22CD2D1E2688D94D00FD3442 /* BackButton.swift */; };
		22CD2D222688DBDA00FD3442 /* Introspect in Frameworks */ = {isa = PBXBuildFile; productRef = 22CD2D212688DBDA00FD3442 /* Introspect */; };
		22CD2D272688E3EF00FD3442 /* NewTodoView.swift in Sources */ = {isa = PBXBuildFile; fileRef = 22CD2D262688E3EF00FD3442 /* NewTodoView.swift */; };
/* End PBXBuildFile section */

/* Begin PBXFileReference section */
		22523EF8268622170040FE3D /* MyTodoAppApp.swift */ = {isa = PBXFileReference; lastKnownFileType = sourcecode.swift; path = MyTodoAppApp.swift; sourceTree = "<group>"; };
		22523EF9268622170040FE3D /* ContentView.swift */ = {isa = PBXFileReference; lastKnownFileType = sourcecode.swift; path = ContentView.swift; sourceTree = "<group>"; };
		22523EFA268622180040FE3D /* Assets.xcassets */ = {isa = PBXFileReference; lastKnownFileType = folder.assetcatalog; path = Assets.xcassets; sourceTree = "<group>"; };
		22523EFF268622180040FE3D /* MyTodoApp.app */ = {isa = PBXFileReference; explicitFileType = wrapper.application; includeInIndex = 0; path = MyTodoApp.app; sourceTree = BUILT_PRODUCTS_DIR; };
		22523F02268622180040FE3D /* Info.plist */ = {isa = PBXFileReference; lastKnownFileType = text.plist.xml; path = Info.plist; sourceTree = "<group>"; };
		22523F07268622180040FE3D /* MyTodoApp.app */ = {isa = PBXFileReference; explicitFileType = wrapper.application; includeInIndex = 0; path = MyTodoApp.app; sourceTree = BUILT_PRODUCTS_DIR; };
		22523F09268622180040FE3D /* Info.plist */ = {isa = PBXFileReference; lastKnownFileType = text.plist.xml; path = Info.plist; sourceTree = "<group>"; };
		22523F0A268622180040FE3D /* macOS.entitlements */ = {isa = PBXFileReference; lastKnownFileType = text.plist.entitlements; path = macOS.entitlements; sourceTree = "<group>"; };
		22523F1E268624070040FE3D /* Todo.swift */ = {isa = PBXFileReference; lastKnownFileType = sourcecode.swift; path = Todo.swift; sourceTree = "<group>"; };
		22523F20268624360040FE3D /* Tag.swift */ = {isa = PBXFileReference; lastKnownFileType = sourcecode.swift; path = Tag.swift; sourceTree = "<group>"; };
		22523F22268625630040FE3D /* CellView.swift */ = {isa = PBXFileReference; lastKnownFileType = sourcecode.swift; path = CellView.swift; sourceTree = "<group>"; };
		22523F24268626730040FE3D /* TodoViewModel.swift */ = {isa = PBXFileReference; lastKnownFileType = sourcecode.swift; path = TodoViewModel.swift; sourceTree = "<group>"; };
		22523F2626866D620040FE3D /* TaskView.swift */ = {isa = PBXFileReference; lastKnownFileType = sourcecode.swift; path = TaskView.swift; sourceTree = "<group>"; };
		22523F2826866D990040FE3D /* TodoDetailViewModel.swift */ = {isa = PBXFileReference; lastKnownFileType = sourcecode.swift; path = TodoDetailViewModel.swift; sourceTree = "<group>"; };
		22CD2CF22686938E00FD3442 /* Task.swift */ = {isa = PBXFileReference; lastKnownFileType = sourcecode.swift; path = Task.swift; sourceTree = "<group>"; };
		22CD2CF4268723E900FD3442 /* TagView.swift */ = {isa = PBXFileReference; lastKnownFileType = sourcecode.swift; path = TagView.swift; sourceTree = "<group>"; };
		22CD2CF626872DBA00FD3442 /* TaskState.swift */ = {isa = PBXFileReference; lastKnownFileType = sourcecode.swift; path = TaskState.swift; sourceTree = "<group>"; };
		22CD2CF82687306500FD3442 /* PlusButton.swift */ = {isa = PBXFileReference; lastKnownFileType = sourcecode.swift; path = PlusButton.swift; sourceTree = "<group>"; };
		22CD2CFA2687350D00FD3442 /* TaskActionsView.swift */ = {isa = PBXFileReference; lastKnownFileType = sourcecode.swift; path = TaskActionsView.swift; sourceTree = "<group>"; };
		22CD2D0126887A1800FD3442 /* TodoObject.swift */ = {isa = PBXFileReference; lastKnownFileType = sourcecode.swift; path = TodoObject.swift; sourceTree = "<group>"; };
		22CD2D0526887AA900FD3442 /* TaskObject.swift */ = {isa = PBXFileReference; lastKnownFileType = sourcecode.swift; path = TaskObject.swift; sourceTree = "<group>"; };
		22CD2D0926887B4200FD3442 /* TodoRepository.swift */ = {isa = PBXFileReference; lastKnownFileType = sourcecode.swift; path = TodoRepository.swift; sourceTree = "<group>"; };
		22CD2D0D26887BF400FD3442 /* MappableProtocol.swift */ = {isa = PBXFileReference; lastKnownFileType = sourcecode.swift; path = MappableProtocol.swift; sourceTree = "<group>"; };
		22CD2D122688827300FD3442 /* RealmProvider.swift */ = {isa = PBXFileReference; lastKnownFileType = sourcecode.swift; path = RealmProvider.swift; sourceTree = "<group>"; };
		22CD2D14268882C800FD3442 /* DataManager.swift */ = {isa = PBXFileReference; lastKnownFileType = sourcecode.swift; path = DataManager.swift; sourceTree = "<group>"; };
		22CD2D162688832B00FD3442 /* Sorted.swift */ = {isa = PBXFileReference; lastKnownFileType = sourcecode.swift; path = Sorted.swift; sourceTree = "<group>"; };
		22CD2D182688833E00FD3442 /* RealmError.swift */ = {isa = PBXFileReference; lastKnownFileType = sourcecode.swift; path = RealmError.swift; sourceTree = "<group>"; };
		22CD2D1C2688D8F200FD3442 /* MoreButton.swift */ = {isa = PBXFileReference; lastKnownFileType = sourcecode.swift; path = MoreButton.swift; sourceTree = "<group>"; };
		22CD2D1E2688D94D00FD3442 /* BackButton.swift */ = {isa = PBXFileReference; lastKnownFileType = sourcecode.swift; path = BackButton.swift; sourceTree = "<group>"; };
		22CD2D262688E3EF00FD3442 /* NewTodoView.swift */ = {isa = PBXFileReference; fileEncoding = 4; lastKnownFileType = sourcecode.swift; path = NewTodoView.swift; sourceTree = "<group>"; };
/* End PBXFileReference section */

/* Begin PBXFrameworksBuildPhase section */
		22523EFC268622180040FE3D /* Frameworks */ = {
			isa = PBXFrameworksBuildPhase;
			buildActionMask = 2147483647;
			files = (
				22CD2D002688798C00FD3442 /* RealmSwift in Frameworks */,
				22CD2D222688DBDA00FD3442 /* Introspect in Frameworks */,
				22CD2CFE2688798C00FD3442 /* Realm in Frameworks */,
			);
			runOnlyForDeploymentPostprocessing = 0;
		};
		22523F04268622180040FE3D /* Frameworks */ = {
			isa = PBXFrameworksBuildPhase;
			buildActionMask = 2147483647;
			files = (
			);
			runOnlyForDeploymentPostprocessing = 0;
		};
/* End PBXFrameworksBuildPhase section */

/* Begin PBXGroup section */
		22523EF2268622170040FE3D = {
			isa = PBXGroup;
			children = (
				22523EF7268622170040FE3D /* Shared */,
				22523F01268622180040FE3D /* iOS */,
				22523F08268622180040FE3D /* macOS */,
				22523F00268622180040FE3D /* Products */,
			);
			sourceTree = "<group>";
		};
		22523EF7268622170040FE3D /* Shared */ = {
			isa = PBXGroup;
			children = (
				22523EF8268622170040FE3D /* MyTodoAppApp.swift */,
				22523F1C268623750040FE3D /* Model */,
				22523F1A268623260040FE3D /* View */,
				22523F19268623200040FE3D /* ViewModel */,
				22523F1D268623AA0040FE3D /* Controller */,
				22CD2D0F26887F2F00FD3442 /* Data */,
				22CD2D0726887B2000FD3442 /* Assets */,
			);
			path = Shared;
			sourceTree = "<group>";
		};
		22523F00268622180040FE3D /* Products */ = {
			isa = PBXGroup;
			children = (
				22523EFF268622180040FE3D /* MyTodoApp.app */,
				22523F07268622180040FE3D /* MyTodoApp.app */,
			);
			name = Products;
			sourceTree = "<group>";
		};
		22523F01268622180040FE3D /* iOS */ = {
			isa = PBXGroup;
			children = (
				22523F02268622180040FE3D /* Info.plist */,
			);
			path = iOS;
			sourceTree = "<group>";
		};
		22523F08268622180040FE3D /* macOS */ = {
			isa = PBXGroup;
			children = (
				22523F09268622180040FE3D /* Info.plist */,
				22523F0A268622180040FE3D /* macOS.entitlements */,
			);
			path = macOS;
			sourceTree = "<group>";
		};
		22523F19268623200040FE3D /* ViewModel */ = {
			isa = PBXGroup;
			children = (
				22523F24268626730040FE3D /* TodoViewModel.swift */,
				22523F2826866D990040FE3D /* TodoDetailViewModel.swift */,
			);
			path = ViewModel;
			sourceTree = "<group>";
		};
		22523F1A268623260040FE3D /* View */ = {
			isa = PBXGroup;
			children = (
				22523F22268625630040FE3D /* CellView.swift */,
				22CD2CF4268723E900FD3442 /* TagView.swift */,
				22CD2CF82687306500FD3442 /* PlusButton.swift */,
				22CD2CFA2687350D00FD3442 /* TaskActionsView.swift */,
				22CD2D1E2688D94D00FD3442 /* BackButton.swift */,
				22CD2D1C2688D8F200FD3442 /* MoreButton.swift */,
			);
			path = View;
			sourceTree = "<group>";
		};
		22523F1C268623750040FE3D /* Model */ = {
			isa = PBXGroup;
			children = (
				22CD2D0426887A6000FD3442 /* Struct */,
				22523F1E268624070040FE3D /* Todo.swift */,
				22523F20268624360040FE3D /* Tag.swift */,
				22CD2CF22686938E00FD3442 /* Task.swift */,
				22CD2CF626872DBA00FD3442 /* TaskState.swift */,
				22CD2D0326887A5900FD3442 /* Realm */,
			);
			path = Model;
			sourceTree = "<group>";
		};
		22523F1D268623AA0040FE3D /* Controller */ = {
			isa = PBXGroup;
			children = (
				22523EF9268622170040FE3D /* ContentView.swift */,
				22523F2626866D620040FE3D /* TaskView.swift */,
				22CD2D262688E3EF00FD3442 /* NewTodoView.swift */,
			);
			path = Controller;
			sourceTree = "<group>";
		};
		22CD2D0326887A5900FD3442 /* Realm */ = {
			isa = PBXGroup;
			children = (
				22CD2D0126887A1800FD3442 /* TodoObject.swift */,
				22CD2D0526887AA900FD3442 /* TaskObject.swift */,
			);
			path = Realm;
			sourceTree = "<group>";
		};
		22CD2D0426887A6000FD3442 /* Struct */ = {
			isa = PBXGroup;
			children = (
			);
			path = Struct;
			sourceTree = "<group>";
		};
		22CD2D0726887B2000FD3442 /* Assets */ = {
			isa = PBXGroup;
			children = (
				22523EFA268622180040FE3D /* Assets.xcassets */,
			);
			path = Assets;
			sourceTree = "<group>";
		};
		22CD2D0826887B2700FD3442 /* Repository */ = {
			isa = PBXGroup;
			children = (
				22CD2D0926887B4200FD3442 /* TodoRepository.swift */,
			);
			path = Repository;
			sourceTree = "<group>";
		};
		22CD2D0F26887F2F00FD3442 /* Data */ = {
			isa = PBXGroup;
			children = (
				22CD2D112688826500FD3442 /* Realm */,
				22CD2D1026887F3900FD3442 /* Protocol */,
				22CD2D0826887B2700FD3442 /* Repository */,
			);
			path = Data;
			sourceTree = "<group>";
		};
		22CD2D1026887F3900FD3442 /* Protocol */ = {
			isa = PBXGroup;
			children = (
				22CD2D0D26887BF400FD3442 /* MappableProtocol.swift */,
			);
			path = Protocol;
			sourceTree = "<group>";
		};
		22CD2D112688826500FD3442 /* Realm */ = {
			isa = PBXGroup;
			children = (
				22CD2D122688827300FD3442 /* RealmProvider.swift */,
				22CD2D14268882C800FD3442 /* DataManager.swift */,
				22CD2D162688832B00FD3442 /* Sorted.swift */,
				22CD2D182688833E00FD3442 /* RealmError.swift */,
			);
			path = Realm;
			sourceTree = "<group>";
		};
/* End PBXGroup section */

/* Begin PBXNativeTarget section */
		22523EFE268622180040FE3D /* MyTodoApp (iOS) */ = {
			isa = PBXNativeTarget;
			buildConfigurationList = 22523F13268622180040FE3D /* Build configuration list for PBXNativeTarget "MyTodoApp (iOS)" */;
			buildPhases = (
				22523EFB268622180040FE3D /* Sources */,
				22523EFC268622180040FE3D /* Frameworks */,
				22523EFD268622180040FE3D /* Resources */,
			);
			buildRules = (
			);
			dependencies = (
			);
			name = "MyTodoApp (iOS)";
			packageProductDependencies = (
				22CD2CFD2688798C00FD3442 /* Realm */,
				22CD2CFF2688798C00FD3442 /* RealmSwift */,
				22CD2D212688DBDA00FD3442 /* Introspect */,
			);
			productName = "MyTodoApp (iOS)";
			productReference = 22523EFF268622180040FE3D /* MyTodoApp.app */;
			productType = "com.apple.product-type.application";
		};
		22523F06268622180040FE3D /* MyTodoApp (macOS) */ = {
			isa = PBXNativeTarget;
			buildConfigurationList = 22523F16268622180040FE3D /* Build configuration list for PBXNativeTarget "MyTodoApp (macOS)" */;
			buildPhases = (
				22523F03268622180040FE3D /* Sources */,
				22523F04268622180040FE3D /* Frameworks */,
				22523F05268622180040FE3D /* Resources */,
			);
			buildRules = (
			);
			dependencies = (
			);
			name = "MyTodoApp (macOS)";
			productName = "MyTodoApp (macOS)";
			productReference = 22523F07268622180040FE3D /* MyTodoApp.app */;
			productType = "com.apple.product-type.application";
		};
/* End PBXNativeTarget section */

/* Begin PBXProject section */
		22523EF3268622170040FE3D /* Project object */ = {
			isa = PBXProject;
			attributes = {
				LastSwiftUpdateCheck = 1250;
				LastUpgradeCheck = 1250;
				TargetAttributes = {
					22523EFE268622180040FE3D = {
						CreatedOnToolsVersion = 12.5;
					};
					22523F06268622180040FE3D = {
						CreatedOnToolsVersion = 12.5;
					};
				};
			};
			buildConfigurationList = 22523EF6268622170040FE3D /* Build configuration list for PBXProject "MyTodoApp" */;
			compatibilityVersion = "Xcode 9.3";
			developmentRegion = en;
			hasScannedForEncodings = 0;
			knownRegions = (
				en,
				Base,
			);
			mainGroup = 22523EF2268622170040FE3D;
			packageReferences = (
				22CD2CFC2688798C00FD3442 /* XCRemoteSwiftPackageReference "realm-cocoa" */,
				22CD2D202688DBDA00FD3442 /* XCRemoteSwiftPackageReference "SwiftUI-Introspect" */,
			);
			productRefGroup = 22523F00268622180040FE3D /* Products */;
			projectDirPath = "";
			projectRoot = "";
			targets = (
				22523EFE268622180040FE3D /* MyTodoApp (iOS) */,
				22523F06268622180040FE3D /* MyTodoApp (macOS) */,
			);
		};
/* End PBXProject section */

/* Begin PBXResourcesBuildPhase section */
		22523EFD268622180040FE3D /* Resources */ = {
			isa = PBXResourcesBuildPhase;
			buildActionMask = 2147483647;
			files = (
				22523F0F268622180040FE3D /* Assets.xcassets in Resources */,
			);
			runOnlyForDeploymentPostprocessing = 0;
		};
		22523F05268622180040FE3D /* Resources */ = {
			isa = PBXResourcesBuildPhase;
			buildActionMask = 2147483647;
			files = (
				22523F10268622180040FE3D /* Assets.xcassets in Resources */,
			);
			runOnlyForDeploymentPostprocessing = 0;
		};
/* End PBXResourcesBuildPhase section */

/* Begin PBXSourcesBuildPhase section */
		22523EFB268622180040FE3D /* Sources */ = {
			isa = PBXSourcesBuildPhase;
			buildActionMask = 2147483647;
			files = (
				22CD2D1F2688D94D00FD3442 /* BackButton.swift in Sources */,
				22CD2CF92687306500FD3442 /* PlusButton.swift in Sources */,
				22523F25268626730040FE3D /* TodoViewModel.swift in Sources */,
				22CD2D272688E3EF00FD3442 /* NewTodoView.swift in Sources */,
				22CD2CF5268723E900FD3442 /* TagView.swift in Sources */,
				22523F2926866D990040FE3D /* TodoDetailViewModel.swift in Sources */,
				22CD2CFB2687350D00FD3442 /* TaskActionsView.swift in Sources */,
				22CD2D0A26887B4200FD3442 /* TodoRepository.swift in Sources */,
				22523F21268624360040FE3D /* Tag.swift in Sources */,
				22CD2CF726872DBA00FD3442 /* TaskState.swift in Sources */,
				22CD2D132688827300FD3442 /* RealmProvider.swift in Sources */,
				22CD2D0626887AA900FD3442 /* TaskObject.swift in Sources */,
				22523F23268625630040FE3D /* CellView.swift in Sources */,
				22523F2726866D620040FE3D /* TaskView.swift in Sources */,
				22CD2D0E26887BF400FD3442 /* MappableProtocol.swift in Sources */,
				22523F0D268622180040FE3D /* ContentView.swift in Sources */,
				22CD2D15268882C800FD3442 /* DataManager.swift in Sources */,
				22CD2D0226887A1800FD3442 /* TodoObject.swift in Sources */,
				22CD2D172688832B00FD3442 /* Sorted.swift in Sources */,
				22CD2D1D2688D8F200FD3442 /* MoreButton.swift in Sources */,
				22523F1F268624070040FE3D /* Todo.swift in Sources */,
				22CD2CF32686938E00FD3442 /* Task.swift in Sources */,
				22523F0B268622180040FE3D /* MyTodoAppApp.swift in Sources */,
				22CD2D192688833E00FD3442 /* RealmError.swift in Sources */,
			);
			runOnlyForDeploymentPostprocessing = 0;
		};
		22523F03268622180040FE3D /* Sources */ = {
			isa = PBXSourcesBuildPhase;
			buildActionMask = 2147483647;
			files = (
				22523F0E268622180040FE3D /* ContentView.swift in Sources */,
				22523F0C268622180040FE3D /* MyTodoAppApp.swift in Sources */,
			);
			runOnlyForDeploymentPostprocessing = 0;
		};
/* End PBXSourcesBuildPhase section */

/* Begin XCBuildConfiguration section */
		22523F11268622180040FE3D /* Debug */ = {
			isa = XCBuildConfiguration;
			buildSettings = {
				ALWAYS_SEARCH_USER_PATHS = NO;
				CLANG_ANALYZER_NONNULL = YES;
				CLANG_ANALYZER_NUMBER_OBJECT_CONVERSION = YES_AGGRESSIVE;
				CLANG_CXX_LANGUAGE_STANDARD = "gnu++14";
				CLANG_CXX_LIBRARY = "libc++";
				CLANG_ENABLE_MODULES = YES;
				CLANG_ENABLE_OBJC_ARC = YES;
				CLANG_ENABLE_OBJC_WEAK = YES;
				CLANG_WARN_BLOCK_CAPTURE_AUTORELEASING = YES;
				CLANG_WARN_BOOL_CONVERSION = YES;
				CLANG_WARN_COMMA = YES;
				CLANG_WARN_CONSTANT_CONVERSION = YES;
				CLANG_WARN_DEPRECATED_OBJC_IMPLEMENTATIONS = YES;
				CLANG_WARN_DIRECT_OBJC_ISA_USAGE = YES_ERROR;
				CLANG_WARN_DOCUMENTATION_COMMENTS = YES;
				CLANG_WARN_EMPTY_BODY = YES;
				CLANG_WARN_ENUM_CONVERSION = YES;
				CLANG_WARN_INFINITE_RECURSION = YES;
				CLANG_WARN_INT_CONVERSION = YES;
				CLANG_WARN_NON_LITERAL_NULL_CONVERSION = YES;
				CLANG_WARN_OBJC_IMPLICIT_RETAIN_SELF = YES;
				CLANG_WARN_OBJC_LITERAL_CONVERSION = YES;
				CLANG_WARN_OBJC_ROOT_CLASS = YES_ERROR;
				CLANG_WARN_QUOTED_INCLUDE_IN_FRAMEWORK_HEADER = YES;
				CLANG_WARN_RANGE_LOOP_ANALYSIS = YES;
				CLANG_WARN_STRICT_PROTOTYPES = YES;
				CLANG_WARN_SUSPICIOUS_MOVE = YES;
				CLANG_WARN_UNGUARDED_AVAILABILITY = YES_AGGRESSIVE;
				CLANG_WARN_UNREACHABLE_CODE = YES;
				CLANG_WARN__DUPLICATE_METHOD_MATCH = YES;
				COPY_PHASE_STRIP = NO;
				DEBUG_INFORMATION_FORMAT = dwarf;
				ENABLE_STRICT_OBJC_MSGSEND = YES;
				ENABLE_TESTABILITY = YES;
				GCC_C_LANGUAGE_STANDARD = gnu11;
				GCC_DYNAMIC_NO_PIC = NO;
				GCC_NO_COMMON_BLOCKS = YES;
				GCC_OPTIMIZATION_LEVEL = 0;
				GCC_PREPROCESSOR_DEFINITIONS = (
					"DEBUG=1",
					"$(inherited)",
				);
				GCC_WARN_64_TO_32_BIT_CONVERSION = YES;
				GCC_WARN_ABOUT_RETURN_TYPE = YES_ERROR;
				GCC_WARN_UNDECLARED_SELECTOR = YES;
				GCC_WARN_UNINITIALIZED_AUTOS = YES_AGGRESSIVE;
				GCC_WARN_UNUSED_FUNCTION = YES;
				GCC_WARN_UNUSED_VARIABLE = YES;
				MTL_ENABLE_DEBUG_INFO = INCLUDE_SOURCE;
				MTL_FAST_MATH = YES;
				ONLY_ACTIVE_ARCH = YES;
				SWIFT_ACTIVE_COMPILATION_CONDITIONS = DEBUG;
				SWIFT_OPTIMIZATION_LEVEL = "-Onone";
			};
			name = Debug;
		};
		22523F12268622180040FE3D /* Release */ = {
			isa = XCBuildConfiguration;
			buildSettings = {
				ALWAYS_SEARCH_USER_PATHS = NO;
				CLANG_ANALYZER_NONNULL = YES;
				CLANG_ANALYZER_NUMBER_OBJECT_CONVERSION = YES_AGGRESSIVE;
				CLANG_CXX_LANGUAGE_STANDARD = "gnu++14";
				CLANG_CXX_LIBRARY = "libc++";
				CLANG_ENABLE_MODULES = YES;
				CLANG_ENABLE_OBJC_ARC = YES;
				CLANG_ENABLE_OBJC_WEAK = YES;
				CLANG_WARN_BLOCK_CAPTURE_AUTORELEASING = YES;
				CLANG_WARN_BOOL_CONVERSION = YES;
				CLANG_WARN_COMMA = YES;
				CLANG_WARN_CONSTANT_CONVERSION = YES;
				CLANG_WARN_DEPRECATED_OBJC_IMPLEMENTATIONS = YES;
				CLANG_WARN_DIRECT_OBJC_ISA_USAGE = YES_ERROR;
				CLANG_WARN_DOCUMENTATION_COMMENTS = YES;
				CLANG_WARN_EMPTY_BODY = YES;
				CLANG_WARN_ENUM_CONVERSION = YES;
				CLANG_WARN_INFINITE_RECURSION = YES;
				CLANG_WARN_INT_CONVERSION = YES;
				CLANG_WARN_NON_LITERAL_NULL_CONVERSION = YES;
				CLANG_WARN_OBJC_IMPLICIT_RETAIN_SELF = YES;
				CLANG_WARN_OBJC_LITERAL_CONVERSION = YES;
				CLANG_WARN_OBJC_ROOT_CLASS = YES_ERROR;
				CLANG_WARN_QUOTED_INCLUDE_IN_FRAMEWORK_HEADER = YES;
				CLANG_WARN_RANGE_LOOP_ANALYSIS = YES;
				CLANG_WARN_STRICT_PROTOTYPES = YES;
				CLANG_WARN_SUSPICIOUS_MOVE = YES;
				CLANG_WARN_UNGUARDED_AVAILABILITY = YES_AGGRESSIVE;
				CLANG_WARN_UNREACHABLE_CODE = YES;
				CLANG_WARN__DUPLICATE_METHOD_MATCH = YES;
				COPY_PHASE_STRIP = NO;
				DEBUG_INFORMATION_FORMAT = "dwarf-with-dsym";
				ENABLE_NS_ASSERTIONS = NO;
				ENABLE_STRICT_OBJC_MSGSEND = YES;
				GCC_C_LANGUAGE_STANDARD = gnu11;
				GCC_NO_COMMON_BLOCKS = YES;
				GCC_WARN_64_TO_32_BIT_CONVERSION = YES;
				GCC_WARN_ABOUT_RETURN_TYPE = YES_ERROR;
				GCC_WARN_UNDECLARED_SELECTOR = YES;
				GCC_WARN_UNINITIALIZED_AUTOS = YES_AGGRESSIVE;
				GCC_WARN_UNUSED_FUNCTION = YES;
				GCC_WARN_UNUSED_VARIABLE = YES;
				MTL_ENABLE_DEBUG_INFO = NO;
				MTL_FAST_MATH = YES;
				SWIFT_COMPILATION_MODE = wholemodule;
				SWIFT_OPTIMIZATION_LEVEL = "-O";
			};
			name = Release;
		};
		22523F14268622180040FE3D /* Debug */ = {
			isa = XCBuildConfiguration;
			buildSettings = {
				ASSETCATALOG_COMPILER_APPICON_NAME = AppIcon;
				ASSETCATALOG_COMPILER_GLOBAL_ACCENT_COLOR_NAME = AccentColor;
				CODE_SIGN_STYLE = Automatic;
				DEVELOPMENT_TEAM = WS5B3K7VY5;
				ENABLE_PREVIEWS = YES;
				INFOPLIST_FILE = iOS/Info.plist;
				IPHONEOS_DEPLOYMENT_TARGET = 14.0;
				LD_RUNPATH_SEARCH_PATHS = (
					"$(inherited)",
					"@executable_path/Frameworks",
				);
				PRODUCT_BUNDLE_IDENTIFIER = adakApp.MyTodoApp;
				PRODUCT_NAME = MyTodoApp;
				SDKROOT = iphoneos;
				SWIFT_VERSION = 5.0;
				TARGETED_DEVICE_FAMILY = "1,2";
			};
			name = Debug;
		};
		22523F15268622180040FE3D /* Release */ = {
			isa = XCBuildConfiguration;
			buildSettings = {
				ASSETCATALOG_COMPILER_APPICON_NAME = AppIcon;
				ASSETCATALOG_COMPILER_GLOBAL_ACCENT_COLOR_NAME = AccentColor;
				CODE_SIGN_STYLE = Automatic;
				DEVELOPMENT_TEAM = WS5B3K7VY5;
				ENABLE_PREVIEWS = YES;
				INFOPLIST_FILE = iOS/Info.plist;
				IPHONEOS_DEPLOYMENT_TARGET = 14.0;
				LD_RUNPATH_SEARCH_PATHS = (
					"$(inherited)",
					"@executable_path/Frameworks",
				);
				PRODUCT_BUNDLE_IDENTIFIER = adakApp.MyTodoApp;
				PRODUCT_NAME = MyTodoApp;
				SDKROOT = iphoneos;
				SWIFT_VERSION = 5.0;
				TARGETED_DEVICE_FAMILY = "1,2";
				VALIDATE_PRODUCT = YES;
			};
			name = Release;
		};
		22523F17268622180040FE3D /* Debug */ = {
			isa = XCBuildConfiguration;
			buildSettings = {
				ASSETCATALOG_COMPILER_APPICON_NAME = AppIcon;
				ASSETCATALOG_COMPILER_GLOBAL_ACCENT_COLOR_NAME = AccentColor;
				CODE_SIGN_ENTITLEMENTS = macOS/macOS.entitlements;
				CODE_SIGN_STYLE = Automatic;
				COMBINE_HIDPI_IMAGES = YES;
				ENABLE_PREVIEWS = YES;
				INFOPLIST_FILE = macOS/Info.plist;
				LD_RUNPATH_SEARCH_PATHS = (
					"$(inherited)",
					"@executable_path/../Frameworks",
				);
				MACOSX_DEPLOYMENT_TARGET = 11.0;
				PRODUCT_BUNDLE_IDENTIFIER = adakApp.MyTodoApp;
				PRODUCT_NAME = MyTodoApp;
				SDKROOT = macosx;
				SWIFT_VERSION = 5.0;
			};
			name = Debug;
		};
		22523F18268622180040FE3D /* Release */ = {
			isa = XCBuildConfiguration;
			buildSettings = {
				ASSETCATALOG_COMPILER_APPICON_NAME = AppIcon;
				ASSETCATALOG_COMPILER_GLOBAL_ACCENT_COLOR_NAME = AccentColor;
				CODE_SIGN_ENTITLEMENTS = macOS/macOS.entitlements;
				CODE_SIGN_STYLE = Automatic;
				COMBINE_HIDPI_IMAGES = YES;
				ENABLE_PREVIEWS = YES;
				INFOPLIST_FILE = macOS/Info.plist;
				LD_RUNPATH_SEARCH_PATHS = (
					"$(inherited)",
					"@executable_path/../Frameworks",
				);
				MACOSX_DEPLOYMENT_TARGET = 11.0;
				PRODUCT_BUNDLE_IDENTIFIER = adakApp.MyTodoApp;
				PRODUCT_NAME = MyTodoApp;
				SDKROOT = macosx;
				SWIFT_VERSION = 5.0;
			};
			name = Release;
		};
/* End XCBuildConfiguration section */

/* Begin XCConfigurationList section */
		22523EF6268622170040FE3D /* Build configuration list for PBXProject "MyTodoApp" */ = {
			isa = XCConfigurationList;
			buildConfigurations = (
				22523F11268622180040FE3D /* Debug */,
				22523F12268622180040FE3D /* Release */,
			);
			defaultConfigurationIsVisible = 0;
			defaultConfigurationName = Release;
		};
		22523F13268622180040FE3D /* Build configuration list for PBXNativeTarget "MyTodoApp (iOS)" */ = {
			isa = XCConfigurationList;
			buildConfigurations = (
				22523F14268622180040FE3D /* Debug */,
				22523F15268622180040FE3D /* Release */,
			);
			defaultConfigurationIsVisible = 0;
			defaultConfigurationName = Release;
		};
		22523F16268622180040FE3D /* Build configuration list for PBXNativeTarget "MyTodoApp (macOS)" */ = {
			isa = XCConfigurationList;
			buildConfigurations = (
				22523F17268622180040FE3D /* Debug */,
				22523F18268622180040FE3D /* Release */,
			);
			defaultConfigurationIsVisible = 0;
			defaultConfigurationName = Release;
		};
/* End XCConfigurationList section */

/* Begin XCRemoteSwiftPackageReference section */
		22CD2CFC2688798C00FD3442 /* XCRemoteSwiftPackageReference "realm-cocoa" */ = {
			isa = XCRemoteSwiftPackageReference;
			repositoryURL = "https://github.com/realm/realm-cocoa.git";
			requirement = {
				kind = upToNextMajorVersion;
				minimumVersion = 10.8.1;
			};
		};
		22CD2D202688DBDA00FD3442 /* XCRemoteSwiftPackageReference "SwiftUI-Introspect" */ = {
			isa = XCRemoteSwiftPackageReference;
			repositoryURL = "https://github.com/siteline/SwiftUI-Introspect";
			requirement = {
				kind = upToNextMajorVersion;
				minimumVersion = 0.1.3;
			};
		};
/* End XCRemoteSwiftPackageReference section */

/* Begin XCSwiftPackageProductDependency section */
		22CD2CFD2688798C00FD3442 /* Realm */ = {
			isa = XCSwiftPackageProductDependency;
			package = 22CD2CFC2688798C00FD3442 /* XCRemoteSwiftPackageReference "realm-cocoa" */;
			productName = Realm;
		};
		22CD2CFF2688798C00FD3442 /* RealmSwift */ = {
			isa = XCSwiftPackageProductDependency;
			package = 22CD2CFC2688798C00FD3442 /* XCRemoteSwiftPackageReference "realm-cocoa" */;
			productName = RealmSwift;
		};
		22CD2D212688DBDA00FD3442 /* Introspect */ = {
			isa = XCSwiftPackageProductDependency;
			package = 22CD2D202688DBDA00FD3442 /* XCRemoteSwiftPackageReference "SwiftUI-Introspect" */;
			productName = Introspect;
		};
/* End XCSwiftPackageProductDependency section */
	};
	rootObject = 22523EF3268622170040FE3D /* Project object */;
}
