// !$*UTF8*$!
{
	archiveVersion = 1;
	classes = {
	};
	objectVersion = 50;
	objects = {

/* Begin PBXBuildFile section */
		22523F0B268622180040FE3D /* MyTodoAppApp.swift in Sources */ = {isa = PBXBuildFile; fileRef = 22523EF8268622170040FE3D /* MyTodoAppApp.swift */; };
		22523F0C268622180040FE3D /* MyTodoAppApp.swift in Sources */ = {isa = PBXBuildFile; fileRef = 22523EF8268622170040FE3D /* MyTodoAppApp.swift */; };
		22523F0D268622180040FE3D /* ContentView.swift in Sources */ = {isa = PBXBuildFile; fileRef = 22523EF9268622170040FE3D /* ContentView.swift */; };
		22523F0E268622180040FE3D /* ContentView.swift in Sources */ = {isa = PBXBuildFile; fileRef = 22523EF9268622170040FE3D /* ContentView.swift */; };
		22523F0F268622180040FE3D /* Assets.xcassets in Resources */ = {isa = PBXBuildFile; fileRef = 22523EFA268622180040FE3D /* Assets.xcassets */; };
		22523F10268622180040FE3D /* Assets.xcassets in Resources */ = {isa = PBXBuildFile; fileRef = 22523EFA268622180040FE3D /* Assets.xcassets */; };
		22523F1F268624070040FE3D /* Todo.swift in Sources */ = {isa = PBXBuildFile; fileRef = 22523F1E268624070040FE3D /* Todo.swift */; };
		22523F21268624360040FE3D /* Tag.swift in Sources */ = {isa = PBXBuildFile; fileRef = 22523F20268624360040FE3D /* Tag.swift */; };
		22523F23268625630040FE3D /* CellView.swift in Sources */ = {isa = PBXBuildFile; fileRef = 22523F22268625630040FE3D /* CellView.swift */; };
		22523F25268626730040FE3D /* TodoViewModel.swift in Sources */ = {isa = PBXBuildFile; fileRef = 22523F24268626730040FE3D /* TodoViewModel.swift */; };
/* End PBXBuildFile section */

/* Begin PBXFileReference section */
		22523EF8268622170040FE3D /* MyTodoAppApp.swift */ = {isa = PBXFileReference; lastKnownFileType = sourcecode.swift; path = MyTodoAppApp.swift; sourceTree = "<group>"; };
		22523EF9268622170040FE3D /* ContentView.swift */ = {isa = PBXFileReference; lastKnownFileType = sourcecode.swift; path = ContentView.swift; sourceTree = "<group>"; };
		22523EFA268622180040FE3D /* Assets.xcassets */ = {isa = PBXFileReference; lastKnownFileType = folder.assetcatalog; path = Assets.xcassets; sourceTree = "<group>"; };
		22523EFF268622180040FE3D /* MyTodoApp.app */ = {isa = PBXFileReference; explicitFileType = wrapper.application; includeInIndex = 0; path = MyTodoApp.app; sourceTree = BUILT_PRODUCTS_DIR; };
		22523F02268622180040FE3D /* Info.plist */ = {isa = PBXFileReference; lastKnownFileType = text.plist.xml; path = Info.plist; sourceTree = "<group>"; };
		22523F07268622180040FE3D /* MyTodoApp.app */ = {isa = PBXFileReference; explicitFileType = wrapper.application; includeInIndex = 0; path = MyTodoApp.app; sourceTree = BUILT_PRODUCTS_DIR; };
		22523F09268622180040FE3D /* Info.plist */ = {isa = PBXFileReference; lastKnownFileType = text.plist.xml; path = Info.plist; sourceTree = "<group>"; };
		22523F0A268622180040FE3D /* macOS.entitlements */ = {isa = PBXFileReference; lastKnownFileType = text.plist.entitlements; path = macOS.entitlements; sourceTree = "<group>"; };
		22523F1E268624070040FE3D /* Todo.swift */ = {isa = PBXFileReference; lastKnownFileType = sourcecode.swift; path = Todo.swift; sourceTree = "<group>"; };
		22523F20268624360040FE3D /* Tag.swift */ = {isa = PBXFileReference; lastKnownFileType = sourcecode.swift; path = Tag.swift; sourceTree = "<group>"; };
		22523F22268625630040FE3D /* CellView.swift */ = {isa = PBXFileReference; lastKnownFileType = sourcecode.swift; path = CellView.swift; sourceTree = "<group>"; };
		22523F24268626730040FE3D /* TodoViewModel.swift */ = {isa = PBXFileReference; lastKnownFileType = sourcecode.swift; path = TodoViewModel.swift; sourceTree = "<group>"; };
/* End PBXFileReference section */

/* Begin PBXFrameworksBuildPhase section */
		22523EFC268622180040FE3D /* Frameworks */ = {
			isa = PBXFrameworksBuildPhase;
			buildActionMask = 2147483647;
			files = (
			);
			runOnlyForDeploymentPostprocessing = 0;
		};
		22523F04268622180040FE3D /* Frameworks */ = {
			isa = PBXFrameworksBuildPhase;
			buildActionMask = 2147483647;
			files = (
			);
			runOnlyForDeploymentPostprocessing = 0;
		};
/* End PBXFrameworksBuildPhase section */

/* Begin PBXGroup section */
		22523EF2268622170040FE3D = {
			isa = PBXGroup;
			children = (
				22523EF7268622170040FE3D /* Shared */,
				22523F01268622180040FE3D /* iOS */,
				22523F08268622180040FE3D /* macOS */,
				22523F00268622180040FE3D /* Products */,
			);
			sourceTree = "<group>";
		};
		22523EF7268622170040FE3D /* Shared */ = {
			isa = PBXGroup;
			children = (
				22523EF8268622170040FE3D /* MyTodoAppApp.swift */,
				22523F1C268623750040FE3D /* Model */,
				22523F1A268623260040FE3D /* View */,
				22523F19268623200040FE3D /* ViewModel */,
				22523F1D268623AA0040FE3D /* Controller */,
				22523EFA268622180040FE3D /* Assets.xcassets */,
			);
			path = Shared;
			sourceTree = "<group>";
		};
		22523F00268622180040FE3D /* Products */ = {
			isa = PBXGroup;
			children = (
				22523EFF268622180040FE3D /* MyTodoApp.app */,
				22523F07268622180040FE3D /* MyTodoApp.app */,
			);
			name = Products;
			sourceTree = "<group>";
		};
		22523F01268622180040FE3D /* iOS */ = {
			isa = PBXGroup;
			children = (
				22523F02268622180040FE3D /* Info.plist */,
			);
			path = iOS;
			sourceTree = "<group>";
		};
		22523F08268622180040FE3D /* macOS */ = {
			isa = PBXGroup;
			children = (
				22523F09268622180040FE3D /* Info.plist */,
				22523F0A268622180040FE3D /* macOS.entitlements */,
			);
			path = macOS;
			sourceTree = "<group>";
		};
		22523F19268623200040FE3D /* ViewModel */ = {
			isa = PBXGroup;
			children = (
				22523F24268626730040FE3D /* TodoViewModel.swift */,
			);
			path = ViewModel;
			sourceTree = "<group>";
		};
		22523F1A268623260040FE3D /* View */ = {
			isa = PBXGroup;
			children = (
				22523F22268625630040FE3D /* CellView.swift */,
			);
			path = View;
			sourceTree = "<group>";
		};
		22523F1C268623750040FE3D /* Model */ = {
			isa = PBXGroup;
			children = (
				22523F1E268624070040FE3D /* Todo.swift */,
				22523F20268624360040FE3D /* Tag.swift */,
			);
			path = Model;
			sourceTree = "<group>";
		};
		22523F1D268623AA0040FE3D /* Controller */ = {
			isa = PBXGroup;
			children = (
				22523EF9268622170040FE3D /* ContentView.swift */,
			);
			path = Controller;
			sourceTree = "<group>";
		};
/* End PBXGroup section */

/* Begin PBXNativeTarget section */
		22523EFE268622180040FE3D /* MyTodoApp (iOS) */ = {
			isa = PBXNativeTarget;
			buildConfigurationList = 22523F13268622180040FE3D /* Build configuration list for PBXNativeTarget "MyTodoApp (iOS)" */;
			buildPhases = (
				22523EFB268622180040FE3D /* Sources */,
				22523EFC268622180040FE3D /* Frameworks */,
				22523EFD268622180040FE3D /* Resources */,
			);
			buildRules = (
			);
			dependencies = (
			);
			name = "MyTodoApp (iOS)";
			productName = "MyTodoApp (iOS)";
			productReference = 22523EFF268622180040FE3D /* MyTodoApp.app */;
			productType = "com.apple.product-type.application";
		};
		22523F06268622180040FE3D /* MyTodoApp (macOS) */ = {
			isa = PBXNativeTarget;
			buildConfigurationList = 22523F16268622180040FE3D /* Build configuration list for PBXNativeTarget "MyTodoApp (macOS)" */;
			buildPhases = (
				22523F03268622180040FE3D /* Sources */,
				22523F04268622180040FE3D /* Frameworks */,
				22523F05268622180040FE3D /* Resources */,
			);
			buildRules = (
			);
			dependencies = (
			);
			name = "MyTodoApp (macOS)";
			productName = "MyTodoApp (macOS)";
			productReference = 22523F07268622180040FE3D /* MyTodoApp.app */;
			productType = "com.apple.product-type.application";
		};
/* End PBXNativeTarget section */

/* Begin PBXProject section */
		22523EF3268622170040FE3D /* Project object */ = {
			isa = PBXProject;
			attributes = {
				LastSwiftUpdateCheck = 1250;
				LastUpgradeCheck = 1250;
				TargetAttributes = {
					22523EFE268622180040FE3D = {
						CreatedOnToolsVersion = 12.5;
					};
					22523F06268622180040FE3D = {
						CreatedOnToolsVersion = 12.5;
					};
				};
			};
			buildConfigurationList = 22523EF6268622170040FE3D /* Build configuration list for PBXProject "MyTodoApp" */;
			compatibilityVersion = "Xcode 9.3";
			developmentRegion = en;
			hasScannedForEncodings = 0;
			knownRegions = (
				en,
				Base,
			);
			mainGroup = 22523EF2268622170040FE3D;
			productRefGroup = 22523F00268622180040FE3D /* Products */;
			projectDirPath = "";
			projectRoot = "";
			targets = (
				22523EFE268622180040FE3D /* MyTodoApp (iOS) */,
				22523F06268622180040FE3D /* MyTodoApp (macOS) */,
			);
		};
/* End PBXProject section */

/* Begin PBXResourcesBuildPhase section */
		22523EFD268622180040FE3D /* Resources */ = {
			isa = PBXResourcesBuildPhase;
			buildActionMask = 2147483647;
			files = (
				22523F0F268622180040FE3D /* Assets.xcassets in Resources */,
			);
			runOnlyForDeploymentPostprocessing = 0;
		};
		22523F05268622180040FE3D /* Resources */ = {
			isa = PBXResourcesBuildPhase;
			buildActionMask = 2147483647;
			files = (
				22523F10268622180040FE3D /* Assets.xcassets in Resources */,
			);
			runOnlyForDeploymentPostprocessing = 0;
		};
/* End PBXResourcesBuildPhase section */

/* Begin PBXSourcesBuildPhase section */
		22523EFB268622180040FE3D /* Sources */ = {
			isa = PBXSourcesBuildPhase;
			buildActionMask = 2147483647;
			files = (
				22523F25268626730040FE3D /* TodoViewModel.swift in Sources */,
				22523F21268624360040FE3D /* Tag.swift in Sources */,
				22523F23268625630040FE3D /* CellView.swift in Sources */,
				22523F0D268622180040FE3D /* ContentView.swift in Sources */,
				22523F1F268624070040FE3D /* Todo.swift in Sources */,
				22523F0B268622180040FE3D /* MyTodoAppApp.swift in Sources */,
			);
			runOnlyForDeploymentPostprocessing = 0;
		};
		22523F03268622180040FE3D /* Sources */ = {
			isa = PBXSourcesBuildPhase;
			buildActionMask = 2147483647;
			files = (
				22523F0E268622180040FE3D /* ContentView.swift in Sources */,
				22523F0C268622180040FE3D /* MyTodoAppApp.swift in Sources */,
			);
			runOnlyForDeploymentPostprocessing = 0;
		};
/* End PBXSourcesBuildPhase section */

/* Begin XCBuildConfiguration section */
		22523F11268622180040FE3D /* Debug */ = {
			isa = XCBuildConfiguration;
			buildSettings = {
				ALWAYS_SEARCH_USER_PATHS = NO;
				CLANG_ANALYZER_NONNULL = YES;
				CLANG_ANALYZER_NUMBER_OBJECT_CONVERSION = YES_AGGRESSIVE;
				CLANG_CXX_LANGUAGE_STANDARD = "gnu++14";
				CLANG_CXX_LIBRARY = "libc++";
				CLANG_ENABLE_MODULES = YES;
				CLANG_ENABLE_OBJC_ARC = YES;
				CLANG_ENABLE_OBJC_WEAK = YES;
				CLANG_WARN_BLOCK_CAPTURE_AUTORELEASING = YES;
				CLANG_WARN_BOOL_CONVERSION = YES;
				CLANG_WARN_COMMA = YES;
				CLANG_WARN_CONSTANT_CONVERSION = YES;
				CLANG_WARN_DEPRECATED_OBJC_IMPLEMENTATIONS = YES;
				CLANG_WARN_DIRECT_OBJC_ISA_USAGE = YES_ERROR;
				CLANG_WARN_DOCUMENTATION_COMMENTS = YES;
				CLANG_WARN_EMPTY_BODY = YES;
				CLANG_WARN_ENUM_CONVERSION = YES;
				CLANG_WARN_INFINITE_RECURSION = YES;
				CLANG_WARN_INT_CONVERSION = YES;
				CLANG_WARN_NON_LITERAL_NULL_CONVERSION = YES;
				CLANG_WARN_OBJC_IMPLICIT_RETAIN_SELF = YES;
				CLANG_WARN_OBJC_LITERAL_CONVERSION = YES;
				CLANG_WARN_OBJC_ROOT_CLASS = YES_ERROR;
				CLANG_WARN_QUOTED_INCLUDE_IN_FRAMEWORK_HEADER = YES;
				CLANG_WARN_RANGE_LOOP_ANALYSIS = YES;
				CLANG_WARN_STRICT_PROTOTYPES = YES;
				CLANG_WARN_SUSPICIOUS_MOVE = YES;
				CLANG_WARN_UNGUARDED_AVAILABILITY = YES_AGGRESSIVE;
				CLANG_WARN_UNREACHABLE_CODE = YES;
				CLANG_WARN__DUPLICATE_METHOD_MATCH = YES;
				COPY_PHASE_STRIP = NO;
				DEBUG_INFORMATION_FORMAT = dwarf;
				ENABLE_STRICT_OBJC_MSGSEND = YES;
				ENABLE_TESTABILITY = YES;
				GCC_C_LANGUAGE_STANDARD = gnu11;
				GCC_DYNAMIC_NO_PIC = NO;
				GCC_NO_COMMON_BLOCKS = YES;
				GCC_OPTIMIZATION_LEVEL = 0;
				GCC_PREPROCESSOR_DEFINITIONS = (
					"DEBUG=1",
					"$(inherited)",
				);
				GCC_WARN_64_TO_32_BIT_CONVERSION = YES;
				GCC_WARN_ABOUT_RETURN_TYPE = YES_ERROR;
				GCC_WARN_UNDECLARED_SELECTOR = YES;
				GCC_WARN_UNINITIALIZED_AUTOS = YES_AGGRESSIVE;
				GCC_WARN_UNUSED_FUNCTION = YES;
				GCC_WARN_UNUSED_VARIABLE = YES;
				MTL_ENABLE_DEBUG_INFO = INCLUDE_SOURCE;
				MTL_FAST_MATH = YES;
				ONLY_ACTIVE_ARCH = YES;
				SWIFT_ACTIVE_COMPILATION_CONDITIONS = DEBUG;
				SWIFT_OPTIMIZATION_LEVEL = "-Onone";
			};
			name = Debug;
		};
		22523F12268622180040FE3D /* Release */ = {
			isa = XCBuildConfiguration;
			buildSettings = {
				ALWAYS_SEARCH_USER_PATHS = NO;
				CLANG_ANALYZER_NONNULL = YES;
				CLANG_ANALYZER_NUMBER_OBJECT_CONVERSION = YES_AGGRESSIVE;
				CLANG_CXX_LANGUAGE_STANDARD = "gnu++14";
				CLANG_CXX_LIBRARY = "libc++";
				CLANG_ENABLE_MODULES = YES;
				CLANG_ENABLE_OBJC_ARC = YES;
				CLANG_ENABLE_OBJC_WEAK = YES;
				CLANG_WARN_BLOCK_CAPTURE_AUTORELEASING = YES;
				CLANG_WARN_BOOL_CONVERSION = YES;
				CLANG_WARN_COMMA = YES;
				CLANG_WARN_CONSTANT_CONVERSION = YES;
				CLANG_WARN_DEPRECATED_OBJC_IMPLEMENTATIONS = YES;
				CLANG_WARN_DIRECT_OBJC_ISA_USAGE = YES_ERROR;
				CLANG_WARN_DOCUMENTATION_COMMENTS = YES;
				CLANG_WARN_EMPTY_BODY = YES;
				CLANG_WARN_ENUM_CONVERSION = YES;
				CLANG_WARN_INFINITE_RECURSION = YES;
				CLANG_WARN_INT_CONVERSION = YES;
				CLANG_WARN_NON_LITERAL_NULL_CONVERSION = YES;
				CLANG_WARN_OBJC_IMPLICIT_RETAIN_SELF = YES;
				CLANG_WARN_OBJC_LITERAL_CONVERSION = YES;
				CLANG_WARN_OBJC_ROOT_CLASS = YES_ERROR;
				CLANG_WARN_QUOTED_INCLUDE_IN_FRAMEWORK_HEADER = YES;
				CLANG_WARN_RANGE_LOOP_ANALYSIS = YES;
				CLANG_WARN_STRICT_PROTOTYPES = YES;
				CLANG_WARN_SUSPICIOUS_MOVE = YES;
				CLANG_WARN_UNGUARDED_AVAILABILITY = YES_AGGRESSIVE;
				CLANG_WARN_UNREACHABLE_CODE = YES;
				CLANG_WARN__DUPLICATE_METHOD_MATCH = YES;
				COPY_PHASE_STRIP = NO;
				DEBUG_INFORMATION_FORMAT = "dwarf-with-dsym";
				ENABLE_NS_ASSERTIONS = NO;
				ENABLE_STRICT_OBJC_MSGSEND = YES;
				GCC_C_LANGUAGE_STANDARD = gnu11;
				GCC_NO_COMMON_BLOCKS = YES;
				GCC_WARN_64_TO_32_BIT_CONVERSION = YES;
				GCC_WARN_ABOUT_RETURN_TYPE = YES_ERROR;
				GCC_WARN_UNDECLARED_SELECTOR = YES;
				GCC_WARN_UNINITIALIZED_AUTOS = YES_AGGRESSIVE;
				GCC_WARN_UNUSED_FUNCTION = YES;
				GCC_WARN_UNUSED_VARIABLE = YES;
				MTL_ENABLE_DEBUG_INFO = NO;
				MTL_FAST_MATH = YES;
				SWIFT_COMPILATION_MODE = wholemodule;
				SWIFT_OPTIMIZATION_LEVEL = "-O";
			};
			name = Release;
		};
		22523F14268622180040FE3D /* Debug */ = {
			isa = XCBuildConfiguration;
			buildSettings = {
				ASSETCATALOG_COMPILER_APPICON_NAME = AppIcon;
				ASSETCATALOG_COMPILER_GLOBAL_ACCENT_COLOR_NAME = AccentColor;
				CODE_SIGN_STYLE = Automatic;
				ENABLE_PREVIEWS = YES;
				INFOPLIST_FILE = iOS/Info.plist;
				IPHONEOS_DEPLOYMENT_TARGET = 14.0;
				LD_RUNPATH_SEARCH_PATHS = (
					"$(inherited)",
					"@executable_path/Frameworks",
				);
				PRODUCT_BUNDLE_IDENTIFIER = adakApp.MyTodoApp;
				PRODUCT_NAME = MyTodoApp;
				SDKROOT = iphoneos;
				SWIFT_VERSION = 5.0;
				TARGETED_DEVICE_FAMILY = "1,2";
			};
			name = Debug;
		};
		22523F15268622180040FE3D /* Release */ = {
			isa = XCBuildConfiguration;
			buildSettings = {
				ASSETCATALOG_COMPILER_APPICON_NAME = AppIcon;
				ASSETCATALOG_COMPILER_GLOBAL_ACCENT_COLOR_NAME = AccentColor;
				CODE_SIGN_STYLE = Automatic;
				ENABLE_PREVIEWS = YES;
				INFOPLIST_FILE = iOS/Info.plist;
				IPHONEOS_DEPLOYMENT_TARGET = 14.0;
				LD_RUNPATH_SEARCH_PATHS = (
					"$(inherited)",
					"@executable_path/Frameworks",
				);
				PRODUCT_BUNDLE_IDENTIFIER = adakApp.MyTodoApp;
				PRODUCT_NAME = MyTodoApp;
				SDKROOT = iphoneos;
				SWIFT_VERSION = 5.0;
				TARGETED_DEVICE_FAMILY = "1,2";
				VALIDATE_PRODUCT = YES;
			};
			name = Release;
		};
		22523F17268622180040FE3D /* Debug */ = {
			isa = XCBuildConfiguration;
			buildSettings = {
				ASSETCATALOG_COMPILER_APPICON_NAME = AppIcon;
				ASSETCATALOG_COMPILER_GLOBAL_ACCENT_COLOR_NAME = AccentColor;
				CODE_SIGN_ENTITLEMENTS = macOS/macOS.entitlements;
				CODE_SIGN_STYLE = Automatic;
				COMBINE_HIDPI_IMAGES = YES;
				ENABLE_PREVIEWS = YES;
				INFOPLIST_FILE = macOS/Info.plist;
				LD_RUNPATH_SEARCH_PATHS = (
					"$(inherited)",
					"@executable_path/../Frameworks",
				);
				MACOSX_DEPLOYMENT_TARGET = 11.0;
				PRODUCT_BUNDLE_IDENTIFIER = adakApp.MyTodoApp;
				PRODUCT_NAME = MyTodoApp;
				SDKROOT = macosx;
				SWIFT_VERSION = 5.0;
			};
			name = Debug;
		};
		22523F18268622180040FE3D /* Release */ = {
			isa = XCBuildConfiguration;
			buildSettings = {
				ASSETCATALOG_COMPILER_APPICON_NAME = AppIcon;
				ASSETCATALOG_COMPILER_GLOBAL_ACCENT_COLOR_NAME = AccentColor;
				CODE_SIGN_ENTITLEMENTS = macOS/macOS.entitlements;
				CODE_SIGN_STYLE = Automatic;
				COMBINE_HIDPI_IMAGES = YES;
				ENABLE_PREVIEWS = YES;
				INFOPLIST_FILE = macOS/Info.plist;
				LD_RUNPATH_SEARCH_PATHS = (
					"$(inherited)",
					"@executable_path/../Frameworks",
				);
				MACOSX_DEPLOYMENT_TARGET = 11.0;
				PRODUCT_BUNDLE_IDENTIFIER = adakApp.MyTodoApp;
				PRODUCT_NAME = MyTodoApp;
				SDKROOT = macosx;
				SWIFT_VERSION = 5.0;
			};
			name = Release;
		};
/* End XCBuildConfiguration section */

/* Begin XCConfigurationList section */
		22523EF6268622170040FE3D /* Build configuration list for PBXProject "MyTodoApp" */ = {
			isa = XCConfigurationList;
			buildConfigurations = (
				22523F11268622180040FE3D /* Debug */,
				22523F12268622180040FE3D /* Release */,
			);
			defaultConfigurationIsVisible = 0;
			defaultConfigurationName = Release;
		};
		22523F13268622180040FE3D /* Build configuration list for PBXNativeTarget "MyTodoApp (iOS)" */ = {
			isa = XCConfigurationList;
			buildConfigurations = (
				22523F14268622180040FE3D /* Debug */,
				22523F15268622180040FE3D /* Release */,
			);
			defaultConfigurationIsVisible = 0;
			defaultConfigurationName = Release;
		};
		22523F16268622180040FE3D /* Build configuration list for PBXNativeTarget "MyTodoApp (macOS)" */ = {
			isa = XCConfigurationList;
			buildConfigurations = (
				22523F17268622180040FE3D /* Debug */,
				22523F18268622180040FE3D /* Release */,
			);
			defaultConfigurationIsVisible = 0;
			defaultConfigurationName = Release;
		};
/* End XCConfigurationList section */
	};
	rootObject = 22523EF3268622170040FE3D /* Project object */;
}
